
Microsoft Visual Studio Solution File, Format Version 12.00
# Visual Studio Version 16
VisualStudioVersion = 16.0.30907.101
MinimumVisualStudioVersion = 10.0.40219.1
Project("{FAE04EC0-301F-11D3-BF4B-00C04F79EFBC}") = "Csharp_2021_5.14_GenerischeTypen", "Csharp_2021_5.14_GenerischeTypen\Csharp_2021_5.14_GenerischeTypen.csproj", "{A7974AD7-BB56-42FC-9B93-561816DDE767}"
EndProject
Global
	GlobalSection(SolutionConfigurationPlatforms) = preSolution
		Debug|Any CPU = Debug|Any CPU
		Release|Any CPU = Release|Any CPU
	EndGlobalSection
	GlobalSection(ProjectConfigurationPlatforms) = postSolution
		{A7974AD7-BB56-42FC-9B93-561816DDE767}.Debug|Any CPU.ActiveCfg = Debug|Any CPU
		{A7974AD7-BB56-42FC-9B93-561816DDE767}.Debug|Any CPU.Build.0 = Debug|Any CPU
		{A7974AD7-BB56-42FC-9B93-561816DDE767}.Release|Any CPU.ActiveCfg = Release|Any CPU
		{A7974AD7-BB56-42FC-9B93-561816DDE767}.Release|Any CPU.Build.0 = Release|Any CPU
	EndGlobalSection
	GlobalSection(SolutionProperties) = preSolution
		HideSolutionNode = FALSE
	EndGlobalSection
	GlobalSection(ExtensibilityGlobals) = postSolution
		SolutionGuid = {3F28858C-26C8-46C8-A150-F088A148530D}
	EndGlobalSection
EndGlobal
